
Microsoft Visual Studio Solution File, Format Version 12.00
# Visual Studio 14
VisualStudioVersion = 14.0.24720.0
MinimumVisualStudioVersion = 10.0.40219.1
Project("{FAE04EC0-301F-11D3-BF4B-00C04F79EFBC}") = "FileManagerWindows", "FileManagerWindows\FileManagerWindows.csproj", "{0F56EDA9-CF7F-4C49-A67B-3FCD434D4902}"
EndProject
Project("{FAE04EC0-301F-11D3-BF4B-00C04F79EFBC}") = "CB.Configuration.Common", "..\..\..\Libraries\DotNet\CB.Configuration\CB.Configuration.Common\CB.Configuration.Common.csproj", "{9F2166AE-F09B-49C1-9B6D-2EE861593A73}"
EndProject
Project("{FAE04EC0-301F-11D3-BF4B-00C04F79EFBC}") = "CB.Dynamic.CompilerServices", "..\..\..\Libraries\DotNet\CB.Dynamic\CB.Dynamic.CompilerServices\CB.Dynamic.CompilerServices.csproj", "{E1091216-EFE2-4065-B66D-4F90346B5991}"
EndProject
Project("{FAE04EC0-301F-11D3-BF4B-00C04F79EFBC}") = "CB.Media.Brushes", "..\..\..\Libraries\DotNet\CB.Media\CB.Media.Brushes\CB.Media.Brushes.csproj", "{61A1FDD6-1482-4D6C-A276-51D4124EC53B}"
EndProject
Project("{FAE04EC0-301F-11D3-BF4B-00C04F79EFBC}") = "CB.Model.Common", "..\..\..\Libraries\DotNet\CB.Model\CB.Model.Common\CB.Model.Common.csproj", "{33A5DF99-1312-4023-A6EF-EABB9848F5A6}"
EndProject
Project("{FAE04EC0-301F-11D3-BF4B-00C04F79EFBC}") = "CB.Model.Prism", "..\..\..\Libraries\DotNet\CB.Model\CB.Model.Prism\CB.Model.Prism.csproj", "{6A52CAE9-6F3E-4A20-96EB-0E6116A6709C}"
EndProject
Project("{FAE04EC0-301F-11D3-BF4B-00C04F79EFBC}") = "CB.WPF.Common", "..\..\..\Libraries\DotNet\CB.WPF\CB.WPF.Common\CB.WPF.Common.csproj", "{A9505DB9-6B23-4A98-B20A-85B66BB799C4}"
EndProject
Project("{FAE04EC0-301F-11D3-BF4B-00C04F79EFBC}") = "CB.Wpf.Controls", "..\..\..\Libraries\DotNet\CB.WPF\CB.Wpf.Controls\CB.Wpf.Controls.csproj", "{40DDC946-CD13-4734-990F-FBFF6914652E}"
EndProject
Project("{FAE04EC0-301F-11D3-BF4B-00C04F79EFBC}") = "CB.Wpf.Elements", "..\..\..\Libraries\DotNet\CB.WPF\CB.Wpf.Elements\CB.Wpf.Elements.csproj", "{49A228F3-5A12-42AC-93F1-5D10377ED89D}"
EndProject
Project("{FAE04EC0-301F-11D3-BF4B-00C04F79EFBC}") = "CB.WPF.MahAppsExtension", "..\..\..\Libraries\DotNet\CB.WPF\CB.WPF.MahAppsExtension\CB.WPF.MahAppsExtension.csproj", "{29BF73A0-6A4D-484B-83AA-5E5E13473A5A}"
EndProject
Project("{FAE04EC0-301F-11D3-BF4B-00C04F79EFBC}") = "CB.WPF.Resources.MahApps", "..\..\..\Libraries\DotNet\CB.WPF\CB.WPF.Resources.MahApps\CB.WPF.Resources.MahApps.csproj", "{88845A0D-9B1F-4D1A-92D3-0C8D97E4D747}"
EndProject
Project("{FAE04EC0-301F-11D3-BF4B-00C04F79EFBC}") = "CB.Xaml.AttachedProperties", "..\..\..\Libraries\DotNet\CB.Xaml\CB.Xaml.AttachedProperties\CB.Xaml.AttachedProperties.csproj", "{1CCB7F4E-228A-4A8E-A211-A032C9C8767B}"
EndProject
Project("{FAE04EC0-301F-11D3-BF4B-00C04F79EFBC}") = "CB.Xaml.Commands", "..\..\..\Libraries\DotNet\CB.Xaml\CB.Xaml.Commands\CB.Xaml.Commands.csproj", "{C5DC3209-4A92-4243-8188-ADBD4FA87FC3}"
EndProject
Project("{FAE04EC0-301F-11D3-BF4B-00C04F79EFBC}") = "CB.Xaml.ValueConverters", "..\..\..\Libraries\DotNet\CB.Xaml\CB.Xaml.ValueConverters\CB.Xaml.ValueConverters.csproj", "{3C46F9A4-7A8B-4588-872F-60B36E471FC5}"
EndProject
Project("{FAE04EC0-301F-11D3-BF4B-00C04F79EFBC}") = "CB.IO.Common", "..\..\..\Libraries\DotNet\CB.IO\CB.IO.Common\CB.IO.Common.csproj", "{65789D31-922E-4801-A486-99C06827448C}"
EndProject
Project("{FAE04EC0-301F-11D3-BF4B-00C04F79EFBC}") = "CB.IO.Compression", "..\..\..\Libraries\DotNet\CB.IO\CB.IO.Compression\CB.IO.Compression.csproj", "{B371DAA6-99D4-4484-9601-FF885273FF70}"
EndProject
Project("{FAE04EC0-301F-11D3-BF4B-00C04F79EFBC}") = "CB.Prism.Interactivity", "..\..\..\Libraries\DotNet\CB.Prism\CB.Prism.Interactivity\CB.Prism.Interactivity.csproj", "{640C072B-F368-4D76-9969-9C6BFE4070D3}"
EndProject
Project("{FAE04EC0-301F-11D3-BF4B-00C04F79EFBC}") = "CB.Xaml.Behaviors", "..\..\..\Libraries\DotNet\CB.Xaml\CB.Xaml.Behaviors\CB.Xaml.Behaviors.csproj", "{033B6C10-B667-4B70-AA49-E61F6C8AA084}"
EndProject
Global
	GlobalSection(SolutionConfigurationPlatforms) = preSolution
		Debug|Any CPU = Debug|Any CPU
		Debug|x64 = Debug|x64
		Release|Any CPU = Release|Any CPU
		Release|x64 = Release|x64
	EndGlobalSection
	GlobalSection(ProjectConfigurationPlatforms) = postSolution
		{0F56EDA9-CF7F-4C49-A67B-3FCD434D4902}.Debug|Any CPU.ActiveCfg = Debug|Any CPU
		{0F56EDA9-CF7F-4C49-A67B-3FCD434D4902}.Debug|Any CPU.Build.0 = Debug|Any CPU
		{0F56EDA9-CF7F-4C49-A67B-3FCD434D4902}.Debug|x64.ActiveCfg = Debug|Any CPU
		{0F56EDA9-CF7F-4C49-A67B-3FCD434D4902}.Debug|x64.Build.0 = Debug|Any CPU
		{0F56EDA9-CF7F-4C49-A67B-3FCD434D4902}.Release|Any CPU.ActiveCfg = Release|Any CPU
		{0F56EDA9-CF7F-4C49-A67B-3FCD434D4902}.Release|Any CPU.Build.0 = Release|Any CPU
		{0F56EDA9-CF7F-4C49-A67B-3FCD434D4902}.Release|x64.ActiveCfg = Release|Any CPU
		{0F56EDA9-CF7F-4C49-A67B-3FCD434D4902}.Release|x64.Build.0 = Release|Any CPU
		{9F2166AE-F09B-49C1-9B6D-2EE861593A73}.Debug|Any CPU.ActiveCfg = Debug|Any CPU
		{9F2166AE-F09B-49C1-9B6D-2EE861593A73}.Debug|Any CPU.Build.0 = Debug|Any CPU
		{9F2166AE-F09B-49C1-9B6D-2EE861593A73}.Debug|x64.ActiveCfg = Debug|Any CPU
		{9F2166AE-F09B-49C1-9B6D-2EE861593A73}.Debug|x64.Build.0 = Debug|Any CPU
		{9F2166AE-F09B-49C1-9B6D-2EE861593A73}.Release|Any CPU.ActiveCfg = Release|Any CPU
		{9F2166AE-F09B-49C1-9B6D-2EE861593A73}.Release|Any CPU.Build.0 = Release|Any CPU
		{9F2166AE-F09B-49C1-9B6D-2EE861593A73}.Release|x64.ActiveCfg = Release|Any CPU
		{9F2166AE-F09B-49C1-9B6D-2EE861593A73}.Release|x64.Build.0 = Release|Any CPU
		{E1091216-EFE2-4065-B66D-4F90346B5991}.Debug|Any CPU.ActiveCfg = Debug|Any CPU
		{E1091216-EFE2-4065-B66D-4F90346B5991}.Debug|Any CPU.Build.0 = Debug|Any CPU
		{E1091216-EFE2-4065-B66D-4F90346B5991}.Debug|x64.ActiveCfg = Debug|Any CPU
		{E1091216-EFE2-4065-B66D-4F90346B5991}.Debug|x64.Build.0 = Debug|Any CPU
		{E1091216-EFE2-4065-B66D-4F90346B5991}.Release|Any CPU.ActiveCfg = Release|Any CPU
		{E1091216-EFE2-4065-B66D-4F90346B5991}.Release|Any CPU.Build.0 = Release|Any CPU
		{E1091216-EFE2-4065-B66D-4F90346B5991}.Release|x64.ActiveCfg = Release|Any CPU
		{E1091216-EFE2-4065-B66D-4F90346B5991}.Release|x64.Build.0 = Release|Any CPU
		{61A1FDD6-1482-4D6C-A276-51D4124EC53B}.Debug|Any CPU.ActiveCfg = Debug|Any CPU
		{61A1FDD6-1482-4D6C-A276-51D4124EC53B}.Debug|Any CPU.Build.0 = Debug|Any CPU
		{61A1FDD6-1482-4D6C-A276-51D4124EC53B}.Debug|x64.ActiveCfg = Debug|Any CPU
		{61A1FDD6-1482-4D6C-A276-51D4124EC53B}.Debug|x64.Build.0 = Debug|Any CPU
		{61A1FDD6-1482-4D6C-A276-51D4124EC53B}.Release|Any CPU.ActiveCfg = Release|Any CPU
		{61A1FDD6-1482-4D6C-A276-51D4124EC53B}.Release|Any CPU.Build.0 = Release|Any CPU
		{61A1FDD6-1482-4D6C-A276-51D4124EC53B}.Release|x64.ActiveCfg = Release|Any CPU
		{61A1FDD6-1482-4D6C-A276-51D4124EC53B}.Release|x64.Build.0 = Release|Any CPU
		{33A5DF99-1312-4023-A6EF-EABB9848F5A6}.Debug|Any CPU.ActiveCfg = Debug|Any CPU
		{33A5DF99-1312-4023-A6EF-EABB9848F5A6}.Debug|Any CPU.Build.0 = Debug|Any CPU
		{33A5DF99-1312-4023-A6EF-EABB9848F5A6}.Debug|x64.ActiveCfg = Debug|Any CPU
		{33A5DF99-1312-4023-A6EF-EABB9848F5A6}.Debug|x64.Build.0 = Debug|Any CPU
		{33A5DF99-1312-4023-A6EF-EABB9848F5A6}.Release|Any CPU.ActiveCfg = Release|Any CPU
		{33A5DF99-1312-4023-A6EF-EABB9848F5A6}.Release|Any CPU.Build.0 = Release|Any CPU
		{33A5DF99-1312-4023-A6EF-EABB9848F5A6}.Release|x64.ActiveCfg = Release|Any CPU
		{33A5DF99-1312-4023-A6EF-EABB9848F5A6}.Release|x64.Build.0 = Release|Any CPU
		{6A52CAE9-6F3E-4A20-96EB-0E6116A6709C}.Debug|Any CPU.ActiveCfg = Debug|Any CPU
		{6A52CAE9-6F3E-4A20-96EB-0E6116A6709C}.Debug|Any CPU.Build.0 = Debug|Any CPU
		{6A52CAE9-6F3E-4A20-96EB-0E6116A6709C}.Debug|x64.ActiveCfg = Debug|Any CPU
		{6A52CAE9-6F3E-4A20-96EB-0E6116A6709C}.Debug|x64.Build.0 = Debug|Any CPU
		{6A52CAE9-6F3E-4A20-96EB-0E6116A6709C}.Release|Any CPU.ActiveCfg = Release|Any CPU
		{6A52CAE9-6F3E-4A20-96EB-0E6116A6709C}.Release|Any CPU.Build.0 = Release|Any CPU
		{6A52CAE9-6F3E-4A20-96EB-0E6116A6709C}.Release|x64.ActiveCfg = Release|Any CPU
		{6A52CAE9-6F3E-4A20-96EB-0E6116A6709C}.Release|x64.Build.0 = Release|Any CPU
		{A9505DB9-6B23-4A98-B20A-85B66BB799C4}.Debug|Any CPU.ActiveCfg = Debug|Any CPU
		{A9505DB9-6B23-4A98-B20A-85B66BB799C4}.Debug|Any CPU.Build.0 = Debug|Any CPU
		{A9505DB9-6B23-4A98-B20A-85B66BB799C4}.Debug|x64.ActiveCfg = Debug|Any CPU
		{A9505DB9-6B23-4A98-B20A-85B66BB799C4}.Debug|x64.Build.0 = Debug|Any CPU
		{A9505DB9-6B23-4A98-B20A-85B66BB799C4}.Release|Any CPU.ActiveCfg = Release|Any CPU
		{A9505DB9-6B23-4A98-B20A-85B66BB799C4}.Release|Any CPU.Build.0 = Release|Any CPU
		{A9505DB9-6B23-4A98-B20A-85B66BB799C4}.Release|x64.ActiveCfg = Release|Any CPU
		{A9505DB9-6B23-4A98-B20A-85B66BB799C4}.Release|x64.Build.0 = Release|Any CPU
		{40DDC946-CD13-4734-990F-FBFF6914652E}.Debug|Any CPU.ActiveCfg = Debug|Any CPU
		{40DDC946-CD13-4734-990F-FBFF6914652E}.Debug|Any CPU.Build.0 = Debug|Any CPU
		{40DDC946-CD13-4734-990F-FBFF6914652E}.Debug|x64.ActiveCfg = Debug|Any CPU
		{40DDC946-CD13-4734-990F-FBFF6914652E}.Debug|x64.Build.0 = Debug|Any CPU
		{40DDC946-CD13-4734-990F-FBFF6914652E}.Release|Any CPU.ActiveCfg = Release|Any CPU
		{40DDC946-CD13-4734-990F-FBFF6914652E}.Release|Any CPU.Build.0 = Release|Any CPU
		{40DDC946-CD13-4734-990F-FBFF6914652E}.Release|x64.ActiveCfg = Release|Any CPU
		{40DDC946-CD13-4734-990F-FBFF6914652E}.Release|x64.Build.0 = Release|Any CPU
		{49A228F3-5A12-42AC-93F1-5D10377ED89D}.Debug|Any CPU.ActiveCfg = Debug|Any CPU
		{49A228F3-5A12-42AC-93F1-5D10377ED89D}.Debug|Any CPU.Build.0 = Debug|Any CPU
		{49A228F3-5A12-42AC-93F1-5D10377ED89D}.Debug|x64.ActiveCfg = Debug|Any CPU
		{49A228F3-5A12-42AC-93F1-5D10377ED89D}.Debug|x64.Build.0 = Debug|Any CPU
		{49A228F3-5A12-42AC-93F1-5D10377ED89D}.Release|Any CPU.ActiveCfg = Release|Any CPU
		{49A228F3-5A12-42AC-93F1-5D10377ED89D}.Release|Any CPU.Build.0 = Release|Any CPU
		{49A228F3-5A12-42AC-93F1-5D10377ED89D}.Release|x64.ActiveCfg = Release|Any CPU
		{49A228F3-5A12-42AC-93F1-5D10377ED89D}.Release|x64.Build.0 = Release|Any CPU
		{29BF73A0-6A4D-484B-83AA-5E5E13473A5A}.Debug|Any CPU.ActiveCfg = Debug|Any CPU
		{29BF73A0-6A4D-484B-83AA-5E5E13473A5A}.Debug|Any CPU.Build.0 = Debug|Any CPU
		{29BF73A0-6A4D-484B-83AA-5E5E13473A5A}.Debug|x64.ActiveCfg = Debug|Any CPU
		{29BF73A0-6A4D-484B-83AA-5E5E13473A5A}.Debug|x64.Build.0 = Debug|Any CPU
		{29BF73A0-6A4D-484B-83AA-5E5E13473A5A}.Release|Any CPU.ActiveCfg = Release|Any CPU
		{29BF73A0-6A4D-484B-83AA-5E5E13473A5A}.Release|Any CPU.Build.0 = Release|Any CPU
		{29BF73A0-6A4D-484B-83AA-5E5E13473A5A}.Release|x64.ActiveCfg = Release|Any CPU
		{29BF73A0-6A4D-484B-83AA-5E5E13473A5A}.Release|x64.Build.0 = Release|Any CPU
		{88845A0D-9B1F-4D1A-92D3-0C8D97E4D747}.Debug|Any CPU.ActiveCfg = Debug|Any CPU
		{88845A0D-9B1F-4D1A-92D3-0C8D97E4D747}.Debug|Any CPU.Build.0 = Debug|Any CPU
		{88845A0D-9B1F-4D1A-92D3-0C8D97E4D747}.Debug|x64.ActiveCfg = Debug|Any CPU
		{88845A0D-9B1F-4D1A-92D3-0C8D97E4D747}.Debug|x64.Build.0 = Debug|Any CPU
		{88845A0D-9B1F-4D1A-92D3-0C8D97E4D747}.Release|Any CPU.ActiveCfg = Release|Any CPU
		{88845A0D-9B1F-4D1A-92D3-0C8D97E4D747}.Release|Any CPU.Build.0 = Release|Any CPU
		{88845A0D-9B1F-4D1A-92D3-0C8D97E4D747}.Release|x64.ActiveCfg = Release|Any CPU
		{88845A0D-9B1F-4D1A-92D3-0C8D97E4D747}.Release|x64.Build.0 = Release|Any CPU
		{1CCB7F4E-228A-4A8E-A211-A032C9C8767B}.Debug|Any CPU.ActiveCfg = Debug|Any CPU
		{1CCB7F4E-228A-4A8E-A211-A032C9C8767B}.Debug|Any CPU.Build.0 = Debug|Any CPU
		{1CCB7F4E-228A-4A8E-A211-A032C9C8767B}.Debug|x64.ActiveCfg = Debug|Any CPU
		{1CCB7F4E-228A-4A8E-A211-A032C9C8767B}.Debug|x64.Build.0 = Debug|Any CPU
		{1CCB7F4E-228A-4A8E-A211-A032C9C8767B}.Release|Any CPU.ActiveCfg = Release|Any CPU
		{1CCB7F4E-228A-4A8E-A211-A032C9C8767B}.Release|Any CPU.Build.0 = Release|Any CPU
		{1CCB7F4E-228A-4A8E-A211-A032C9C8767B}.Release|x64.ActiveCfg = Release|Any CPU
		{1CCB7F4E-228A-4A8E-A211-A032C9C8767B}.Release|x64.Build.0 = Release|Any CPU
		{C5DC3209-4A92-4243-8188-ADBD4FA87FC3}.Debug|Any CPU.ActiveCfg = Debug|Any CPU
		{C5DC3209-4A92-4243-8188-ADBD4FA87FC3}.Debug|Any CPU.Build.0 = Debug|Any CPU
		{C5DC3209-4A92-4243-8188-ADBD4FA87FC3}.Debug|x64.ActiveCfg = Debug|Any CPU
		{C5DC3209-4A92-4243-8188-ADBD4FA87FC3}.Debug|x64.Build.0 = Debug|Any CPU
		{C5DC3209-4A92-4243-8188-ADBD4FA87FC3}.Release|Any CPU.ActiveCfg = Release|Any CPU
		{C5DC3209-4A92-4243-8188-ADBD4FA87FC3}.Release|Any CPU.Build.0 = Release|Any CPU
		{C5DC3209-4A92-4243-8188-ADBD4FA87FC3}.Release|x64.ActiveCfg = Release|Any CPU
		{C5DC3209-4A92-4243-8188-ADBD4FA87FC3}.Release|x64.Build.0 = Release|Any CPU
		{3C46F9A4-7A8B-4588-872F-60B36E471FC5}.Debug|Any CPU.ActiveCfg = Debug|Any CPU
		{3C46F9A4-7A8B-4588-872F-60B36E471FC5}.Debug|Any CPU.Build.0 = Debug|Any CPU
		{3C46F9A4-7A8B-4588-872F-60B36E471FC5}.Debug|x64.ActiveCfg = Debug|Any CPU
		{3C46F9A4-7A8B-4588-872F-60B36E471FC5}.Debug|x64.Build.0 = Debug|Any CPU
		{3C46F9A4-7A8B-4588-872F-60B36E471FC5}.Release|Any CPU.ActiveCfg = Release|Any CPU
		{3C46F9A4-7A8B-4588-872F-60B36E471FC5}.Release|Any CPU.Build.0 = Release|Any CPU
		{3C46F9A4-7A8B-4588-872F-60B36E471FC5}.Release|x64.ActiveCfg = Release|Any CPU
		{3C46F9A4-7A8B-4588-872F-60B36E471FC5}.Release|x64.Build.0 = Release|Any CPU
		{65789D31-922E-4801-A486-99C06827448C}.Debug|Any CPU.ActiveCfg = Debug|Any CPU
		{65789D31-922E-4801-A486-99C06827448C}.Debug|Any CPU.Build.0 = Debug|Any CPU
		{65789D31-922E-4801-A486-99C06827448C}.Debug|x64.ActiveCfg = Debug|Any CPU
		{65789D31-922E-4801-A486-99C06827448C}.Debug|x64.Build.0 = Debug|Any CPU
		{65789D31-922E-4801-A486-99C06827448C}.Release|Any CPU.ActiveCfg = Release|Any CPU
		{65789D31-922E-4801-A486-99C06827448C}.Release|Any CPU.Build.0 = Release|Any CPU
		{65789D31-922E-4801-A486-99C06827448C}.Release|x64.ActiveCfg = Release|Any CPU
		{65789D31-922E-4801-A486-99C06827448C}.Release|x64.Build.0 = Release|Any CPU
		{B371DAA6-99D4-4484-9601-FF885273FF70}.Debug|Any CPU.ActiveCfg = Debug|Any CPU
		{B371DAA6-99D4-4484-9601-FF885273FF70}.Debug|Any CPU.Build.0 = Debug|Any CPU
		{B371DAA6-99D4-4484-9601-FF885273FF70}.Debug|x64.ActiveCfg = Debug|Any CPU
		{B371DAA6-99D4-4484-9601-FF885273FF70}.Debug|x64.Build.0 = Debug|Any CPU
		{B371DAA6-99D4-4484-9601-FF885273FF70}.Release|Any CPU.ActiveCfg = Release|Any CPU
		{B371DAA6-99D4-4484-9601-FF885273FF70}.Release|Any CPU.Build.0 = Release|Any CPU
		{B371DAA6-99D4-4484-9601-FF885273FF70}.Release|x64.ActiveCfg = Release|Any CPU
		{B371DAA6-99D4-4484-9601-FF885273FF70}.Release|x64.Build.0 = Release|Any CPU
		{640C072B-F368-4D76-9969-9C6BFE4070D3}.Debug|Any CPU.ActiveCfg = Debug|Any CPU
		{640C072B-F368-4D76-9969-9C6BFE4070D3}.Debug|Any CPU.Build.0 = Debug|Any CPU
		{640C072B-F368-4D76-9969-9C6BFE4070D3}.Debug|x64.ActiveCfg = Debug|Any CPU
		{640C072B-F368-4D76-9969-9C6BFE4070D3}.Debug|x64.Build.0 = Debug|Any CPU
		{640C072B-F368-4D76-9969-9C6BFE4070D3}.Release|Any CPU.ActiveCfg = Release|Any CPU
		{640C072B-F368-4D76-9969-9C6BFE4070D3}.Release|Any CPU.Build.0 = Release|Any CPU
		{640C072B-F368-4D76-9969-9C6BFE4070D3}.Release|x64.ActiveCfg = Release|Any CPU
		{640C072B-F368-4D76-9969-9C6BFE4070D3}.Release|x64.Build.0 = Release|Any CPU
		{033B6C10-B667-4B70-AA49-E61F6C8AA084}.Debug|Any CPU.ActiveCfg = Debug|Any CPU
		{033B6C10-B667-4B70-AA49-E61F6C8AA084}.Debug|Any CPU.Build.0 = Debug|Any CPU
		{033B6C10-B667-4B70-AA49-E61F6C8AA084}.Debug|x64.ActiveCfg = Debug|x64
		{033B6C10-B667-4B70-AA49-E61F6C8AA084}.Debug|x64.Build.0 = Debug|x64
		{033B6C10-B667-4B70-AA49-E61F6C8AA084}.Release|Any CPU.ActiveCfg = Release|Any CPU
		{033B6C10-B667-4B70-AA49-E61F6C8AA084}.Release|Any CPU.Build.0 = Release|Any CPU
		{033B6C10-B667-4B70-AA49-E61F6C8AA084}.Release|x64.ActiveCfg = Release|x64
		{033B6C10-B667-4B70-AA49-E61F6C8AA084}.Release|x64.Build.0 = Release|x64
	EndGlobalSection
	GlobalSection(SolutionProperties) = preSolution
		HideSolutionNode = FALSE
	EndGlobalSection
EndGlobal
